
Microsoft Visual Studio Solution File, Format Version 12.00
# Visual Studio Version 16
VisualStudioVersion = 16.0.31019.35
MinimumVisualStudioVersion = 10.0.40219.1
Project("{9A19103F-16F7-4668-BE54-9A1E7A4F7556}") = "FastCore.Api", "FastCore.Api\FastCore.Api.csproj", "{ABBEDDCD-F4B0-4315-A313-C0C843227DB5}"
EndProject
Project("{9A19103F-16F7-4668-BE54-9A1E7A4F7556}") = "FastCore.Application", "FastCore.Application\FastCore.Application.csproj", "{D0F707BE-E50C-4C60-B2F5-9E122319B589}"
EndProject
Project("{FAE04EC0-301F-11D3-BF4B-00C04F79EFBC}") = "FastCore.Repositories", "FastCore.Repositories\FastCore.Repositories.csproj", "{E2E4007C-4BF6-4F61-9615-6CCBF979FB69}"
EndProject
Global
	GlobalSection(SolutionConfigurationPlatforms) = preSolution
		Debug|Any CPU = Debug|Any CPU
		Release|Any CPU = Release|Any CPU
	EndGlobalSection
	GlobalSection(ProjectConfigurationPlatforms) = postSolution
		{ABBEDDCD-F4B0-4315-A313-C0C843227DB5}.Debug|Any CPU.ActiveCfg = Debug|Any CPU
		{ABBEDDCD-F4B0-4315-A313-C0C843227DB5}.Debug|Any CPU.Build.0 = Debug|Any CPU
		{ABBEDDCD-F4B0-4315-A313-C0C843227DB5}.Release|Any CPU.ActiveCfg = Release|Any CPU
		{ABBEDDCD-F4B0-4315-A313-C0C843227DB5}.Release|Any CPU.Build.0 = Release|Any CPU
		{D0F707BE-E50C-4C60-B2F5-9E122319B589}.Debug|Any CPU.ActiveCfg = Debug|Any CPU
		{D0F707BE-E50C-4C60-B2F5-9E122319B589}.Debug|Any CPU.Build.0 = Debug|Any CPU
		{D0F707BE-E50C-4C60-B2F5-9E122319B589}.Release|Any CPU.ActiveCfg = Release|Any CPU
		{D0F707BE-E50C-4C60-B2F5-9E122319B589}.Release|Any CPU.Build.0 = Release|Any CPU
		{E2E4007C-4BF6-4F61-9615-6CCBF979FB69}.Debug|Any CPU.ActiveCfg = Debug|Any CPU
		{E2E4007C-4BF6-4F61-9615-6CCBF979FB69}.Debug|Any CPU.Build.0 = Debug|Any CPU
		{E2E4007C-4BF6-4F61-9615-6CCBF979FB69}.Release|Any CPU.ActiveCfg = Release|Any CPU
		{E2E4007C-4BF6-4F61-9615-6CCBF979FB69}.Release|Any CPU.Build.0 = Release|Any CPU
	EndGlobalSection
	GlobalSection(SolutionProperties) = preSolution
		HideSolutionNode = FALSE
	EndGlobalSection
	GlobalSection(ExtensibilityGlobals) = postSolution
		SolutionGuid = {F74F8C38-CA62-4F5C-B93E-2099BCB9FE26}
	EndGlobalSection
EndGlobal
